
Microsoft Visual Studio Solution File, Format Version 12.00
# Visual Studio Version 17
VisualStudioVersion = 17.5.33516.290
MinimumVisualStudioVersion = 10.0.40219.1
Project("{FAE04EC0-301F-11D3-BF4B-00C04F79EFBC}") = "RAA_Level02_Module03_Skills", "RAA_Level02_Module03_Skills\RAA_Level02_Module03_Skills.csproj", "{CC25509E-E685-4126-93C2-6C9C47866AE5}"
EndProject
Global
	GlobalSection(SolutionConfigurationPlatforms) = preSolution
		Debug|Any CPU = Debug|Any CPU
		Release|Any CPU = Release|Any CPU
	EndGlobalSection
	GlobalSection(ProjectConfigurationPlatforms) = postSolution
		{CC25509E-E685-4126-93C2-6C9C47866AE5}.Debug|Any CPU.ActiveCfg = Debug|Any CPU
		{CC25509E-E685-4126-93C2-6C9C47866AE5}.Debug|Any CPU.Build.0 = Debug|Any CPU
		{CC25509E-E685-4126-93C2-6C9C47866AE5}.Release|Any CPU.ActiveCfg = Release|Any CPU
		{CC25509E-E685-4126-93C2-6C9C47866AE5}.Release|Any CPU.Build.0 = Release|Any CPU
	EndGlobalSection
	GlobalSection(SolutionProperties) = preSolution
		HideSolutionNode = FALSE
	EndGlobalSection
	GlobalSection(ExtensibilityGlobals) = postSolution
		SolutionGuid = {17270BB9-3034-4878-958D-B6E977F72D4A}
	EndGlobalSection
EndGlobal
